
Microsoft Visual Studio Solution File, Format Version 12.00
# Visual Studio 15
VisualStudioVersion = 15.0.28307.106
MinimumVisualStudioVersion = 10.0.40219.1
Project("{FAE04EC0-301F-11D3-BF4B-00C04F79EFBC}") = "Program1", "Program1\Program1.csproj", "{141B918C-5605-475E-809D-FB163AB7A582}"
EndProject
Global
	GlobalSection(SolutionConfigurationPlatforms) = preSolution
		Debug|Any CPU = Debug|Any CPU
		Release|Any CPU = Release|Any CPU
	EndGlobalSection
	GlobalSection(ProjectConfigurationPlatforms) = postSolution
		{141B918C-5605-475E-809D-FB163AB7A582}.Debug|Any CPU.ActiveCfg = Debug|Any CPU
		{141B918C-5605-475E-809D-FB163AB7A582}.Debug|Any CPU.Build.0 = Debug|Any CPU
		{141B918C-5605-475E-809D-FB163AB7A582}.Release|Any CPU.ActiveCfg = Release|Any CPU
		{141B918C-5605-475E-809D-FB163AB7A582}.Release|Any CPU.Build.0 = Release|Any CPU
	EndGlobalSection
	GlobalSection(SolutionProperties) = preSolution
		HideSolutionNode = FALSE
	EndGlobalSection
	GlobalSection(ExtensibilityGlobals) = postSolution
		SolutionGuid = {3789E9BE-C393-4078-AF70-4E8F9DB827F0}
	EndGlobalSection
EndGlobal
