
Microsoft Visual Studio Solution File, Format Version 12.00
# Visual Studio 15
VisualStudioVersion = 15.0.28010.2019
MinimumVisualStudioVersion = 10.0.40219.1
Project("{FAE04EC0-301F-11D3-BF4B-00C04F79EFBC}") = "Chapter1_Problem4", "Chapter1_Problem4\Chapter1_Problem4.csproj", "{69A161B5-3735-4640-A5F4-F11B16EC2953}"
EndProject
Global
	GlobalSection(SolutionConfigurationPlatforms) = preSolution
		Debug|Any CPU = Debug|Any CPU
		Release|Any CPU = Release|Any CPU
	EndGlobalSection
	GlobalSection(ProjectConfigurationPlatforms) = postSolution
		{69A161B5-3735-4640-A5F4-F11B16EC2953}.Debug|Any CPU.ActiveCfg = Debug|Any CPU
		{69A161B5-3735-4640-A5F4-F11B16EC2953}.Debug|Any CPU.Build.0 = Debug|Any CPU
		{69A161B5-3735-4640-A5F4-F11B16EC2953}.Release|Any CPU.ActiveCfg = Release|Any CPU
		{69A161B5-3735-4640-A5F4-F11B16EC2953}.Release|Any CPU.Build.0 = Release|Any CPU
	EndGlobalSection
	GlobalSection(SolutionProperties) = preSolution
		HideSolutionNode = FALSE
	EndGlobalSection
	GlobalSection(ExtensibilityGlobals) = postSolution
		SolutionGuid = {B1DD83FE-3CEB-471A-9F1D-F988ACFD39EA}
	EndGlobalSection
EndGlobal
