
Microsoft Visual Studio Solution File, Format Version 12.00
# Visual Studio 15
VisualStudioVersion = 15.0.28010.2041
MinimumVisualStudioVersion = 10.0.40219.1
Project("{FAE04EC0-301F-11D3-BF4B-00C04F79EFBC}") = "Program1", "Program1\Program1.csproj", "{E81AFB5D-9FB9-40D3-8BB3-C17FD4A1D804}"
EndProject
Project("{FAE04EC0-301F-11D3-BF4B-00C04F79EFBC}") = "Program1Tests1", "Program1Tests1\Program1Tests1.csproj", "{7E1D43CB-9D7F-4191-81DA-15ECD99E5AC9}"
EndProject
Global
	GlobalSection(SolutionConfigurationPlatforms) = preSolution
		Debug|Any CPU = Debug|Any CPU
		Release|Any CPU = Release|Any CPU
	EndGlobalSection
	GlobalSection(ProjectConfigurationPlatforms) = postSolution
		{E81AFB5D-9FB9-40D3-8BB3-C17FD4A1D804}.Debug|Any CPU.ActiveCfg = Debug|Any CPU
		{E81AFB5D-9FB9-40D3-8BB3-C17FD4A1D804}.Debug|Any CPU.Build.0 = Debug|Any CPU
		{E81AFB5D-9FB9-40D3-8BB3-C17FD4A1D804}.Release|Any CPU.ActiveCfg = Release|Any CPU
		{E81AFB5D-9FB9-40D3-8BB3-C17FD4A1D804}.Release|Any CPU.Build.0 = Release|Any CPU
		{7E1D43CB-9D7F-4191-81DA-15ECD99E5AC9}.Debug|Any CPU.ActiveCfg = Debug|Any CPU
		{7E1D43CB-9D7F-4191-81DA-15ECD99E5AC9}.Debug|Any CPU.Build.0 = Debug|Any CPU
		{7E1D43CB-9D7F-4191-81DA-15ECD99E5AC9}.Release|Any CPU.ActiveCfg = Release|Any CPU
		{7E1D43CB-9D7F-4191-81DA-15ECD99E5AC9}.Release|Any CPU.Build.0 = Release|Any CPU
	EndGlobalSection
	GlobalSection(SolutionProperties) = preSolution
		HideSolutionNode = FALSE
	EndGlobalSection
	GlobalSection(ExtensibilityGlobals) = postSolution
		SolutionGuid = {39F79FA4-BF36-4A4C-9A7A-BDD91B00CA28}
	EndGlobalSection
EndGlobal
